{
  "R": {
    "Version": "4.4.2",
    "Repositories": [
      {
        "Name": "CRAN",
        "URL": "https://cran.rstudio.com"
      }
    ]
  },
  "Packages": {
    "shiny": {
      "Package": "shiny",
      "Version": "1.10.0",
      "Source": "Repository",
      "Repository": "CRAN"
    },
    "shinylive": {
      "Package": "shinylive",
      "Version": "0.3.0",
      "Source": "Repository",
      "Repository": "CRAN"
    },
    "usethis": {
      "Package": "usethis",
      "Version": "3.1.0",
      "Source": "Repository",
      "Repository": "CRAN"
    }
  }
}
